
Microsoft Visual Studio Solution File, Format Version 12.00
# Visual Studio Version 17
VisualStudioVersion = 17.9.34607.119
MinimumVisualStudioVersion = 10.0.40219.1
Project("{FAE04EC0-301F-11D3-BF4B-00C04F79EFBC}") = "WebcamAforge", "WebcamAforge\WebcamAforge.csproj", "{778F58E2-9A8D-4B98-8D2A-1E8898E1D3BA}"
EndProject
Global
	GlobalSection(SolutionConfigurationPlatforms) = preSolution
		Debug|Any CPU = Debug|Any CPU
		Debug|x64 = Debug|x64
		Debug|x86 = Debug|x86
		Release|Any CPU = Release|Any CPU
		Release|x64 = Release|x64
		Release|x86 = Release|x86
	EndGlobalSection
	GlobalSection(ProjectConfigurationPlatforms) = postSolution
		{778F58E2-9A8D-4B98-8D2A-1E8898E1D3BA}.Debug|Any CPU.ActiveCfg = Debug|Any CPU
		{778F58E2-9A8D-4B98-8D2A-1E8898E1D3BA}.Debug|Any CPU.Build.0 = Debug|Any CPU
		{778F58E2-9A8D-4B98-8D2A-1E8898E1D3BA}.Debug|x64.ActiveCfg = Debug|x64
		{778F58E2-9A8D-4B98-8D2A-1E8898E1D3BA}.Debug|x64.Build.0 = Debug|x64
		{778F58E2-9A8D-4B98-8D2A-1E8898E1D3BA}.Debug|x86.ActiveCfg = Debug|x86
		{778F58E2-9A8D-4B98-8D2A-1E8898E1D3BA}.Debug|x86.Build.0 = Debug|x86
		{778F58E2-9A8D-4B98-8D2A-1E8898E1D3BA}.Release|Any CPU.ActiveCfg = Release|Any CPU
		{778F58E2-9A8D-4B98-8D2A-1E8898E1D3BA}.Release|Any CPU.Build.0 = Release|Any CPU
		{778F58E2-9A8D-4B98-8D2A-1E8898E1D3BA}.Release|x64.ActiveCfg = Release|x64
		{778F58E2-9A8D-4B98-8D2A-1E8898E1D3BA}.Release|x64.Build.0 = Release|x64
		{778F58E2-9A8D-4B98-8D2A-1E8898E1D3BA}.Release|x86.ActiveCfg = Release|x86
		{778F58E2-9A8D-4B98-8D2A-1E8898E1D3BA}.Release|x86.Build.0 = Release|x86
	EndGlobalSection
	GlobalSection(SolutionProperties) = preSolution
		HideSolutionNode = FALSE
	EndGlobalSection
	GlobalSection(ExtensibilityGlobals) = postSolution
		SolutionGuid = {530C1792-683D-4678-A7A0-A62656F06878}
	EndGlobalSection
EndGlobal
